# This file is autogenerated, do not edit; changes may be undone by the next 'dep ensure'.


[[projects]]
  digest = "1:2aedbd3f7dae4d1bda04de4d1a48b884e3162e8be35db92e1eff5d707d345075"
  name = "github.com/jessevdk/go-flags"
  packages = ["."]
  pruneopts = "UT"
  revision = "1878de27329cba29066dc088d84b3ce743885f82"
  version = "v1.5.0"

[[projects]]
  digest = "1:857519ede212509c0325923628682c94d837329fda0f7409164fb4862618e50d"
  name = "github.com/miekg/dns"
  packages = ["."]
  pruneopts = "UT"
  revision = "2acbc9eff343291e671c1a9ba7be3201bf66dfd6"
  version = "v1.1.17"

[[projects]]
  branch = "master"
  digest = "1:d5891c5bca9c62e5d394ca26491d2b710a1dc08cedeb0ca8f9ac4c3305120b02"
  name = "golang.org/x/crypto"
  packages = [
    "ed25519",
    "ed25519/internal/edwards25519",
  ]
  pruneopts = "UT"
  revision = "a92615f3c49003920a58dedcf32cf55022cefb8d"

[[projects]]
  branch = "master"
  digest = "1:40a3cfcb660b2f6354f669eb8cbea46b5a308b42f349782147301ab66fb57184"
  name = "golang.org/x/net"
  packages = [
    "bpf",
    "internal/iana",
    "internal/socket",
    "ipv4",
    "ipv6",
  ]
  pruneopts = "UT"
  revision = "49bb7cea24b1df9410e1712aa6433dae904ff66a"

[[projects]]
  branch = "master"
  digest = "1:0a40b0bdd57a93e741d8557465be3a2edeec408e9b6399586ad65bbe8e355796"
  name = "golang.org/x/sys"
  packages = ["unix"]
  pruneopts = "UT"
  revision = "fa43e7bc11baaae89f3f902b2b4d832b68234844"

[solve-meta]
  analyzer-name = "dep"
  analyzer-version = 1
  input-imports = [
    "github.com/jessevdk/go-flags",
    "github.com/miekg/dns",
  ]
  solver-name = "gps-cdcl"
  solver-version = 1
