# This file is autogenerated, do not edit; changes may be undone by the next 'dep ensure'.


[[projects]]
  digest = "1:a2cff208d4759f6ba1b1cd228587b0a1869f95f22542ec9cd17fff64430113c7"
  name = "github.com/jessevdk/go-flags"
  packages = ["."]
  pruneopts = "UT"
  revision = "c6ca198ec95c841fdb89fc0de7496fed11ab854e"
  version = "v1.4.0"

[[projects]]
  digest = "1:2f5a78523bcec7d39633fabe531667371921e633deed2993402782a1d5d23e3d"
  name = "github.com/miekg/dns"
  packages = ["."]
  pruneopts = "UT"
  revision = "9f8f2e3a3c12a701d9137ce4e7bb65f9c931f550"
  version = "v1.1.42"

[[projects]]
  digest = "1:fa3553fabe9a46fb5e86c76be8eb62e1a713b2918ab83aa1a4c3f976fd1fc39e"
  name = "golang.org/x/mod"
  packages = ["semver"]
  pruneopts = "UT"
  revision = "d6ab96f2441f9631f81862375ef66782fc4a9c12"
  version = "v0.4.2"

[[projects]]
  branch = "master"
  digest = "1:40a3cfcb660b2f6354f669eb8cbea46b5a308b42f349782147301ab66fb57184"
  name = "golang.org/x/net"
  packages = [
    "bpf",
    "internal/iana",
    "internal/socket",
    "ipv4",
    "ipv6",
  ]
  pruneopts = "UT"
  revision = "49bb7cea24b1df9410e1712aa6433dae904ff66a"

[[projects]]
  branch = "master"
  digest = "1:b8786c1c3076cf6aba0347d7bd7f73275a431641ac82c2d00230c80463e47996"
  name = "golang.org/x/sys"
  packages = [
    "execabs",
    "internal/unsafeheader",
    "unix",
  ]
  pruneopts = "UT"
  revision = "a76c4d0a0096537dc565908b53073460d96c8539"

[[projects]]
  digest = "1:270683783f3b265096d366f78f358af4af1cfdd708fdacb918912211d9227a9e"
  name = "golang.org/x/tools"
  packages = [
    "go/ast/astutil",
    "go/gcexportdata",
    "go/internal/gcimporter",
    "go/internal/packagesdriver",
    "go/packages",
    "go/types/typeutil",
    "internal/event",
    "internal/event/core",
    "internal/event/keys",
    "internal/event/label",
    "internal/gocommand",
    "internal/packagesinternal",
    "internal/typesinternal",
  ]
  pruneopts = "UT"
  revision = "fe37c9e135b934191089b245ac29325091462508"
  version = "v0.1.0"

[[projects]]
  branch = "master"
  digest = "1:918a46e4a2fb83df33f668f5a6bd51b2996775d073fce1800d3ec01b0a5ddd2b"
  name = "golang.org/x/xerrors"
  packages = [
    ".",
    "internal",
  ]
  pruneopts = "UT"
  revision = "5ec99f83aff198f5fbd629d6c8d8eb38a04218ca"

[solve-meta]
  analyzer-name = "dep"
  analyzer-version = 1
  input-imports = [
    "github.com/jessevdk/go-flags",
    "github.com/miekg/dns",
  ]
  solver-name = "gps-cdcl"
  solver-version = 1
